// !$*UTF8*$!
{
	archiveVersion = 1;
	classes = {
	};
	objectVersion = 46;
	objects = {

/* Begin PBXBuildFile section */
		C90B506D1F32BBFB00E6F96E /* Panel.swift in Sources */ = {isa = PBXBuildFile; fileRef = C90B506C1F32BBFB00E6F96E /* Panel.swift */; };
		C930237A1F35239800CCA08B /* RubicksCube.swift in Sources */ = {isa = PBXBuildFile; fileRef = C93023791F35239800CCA08B /* RubicksCube.swift */; };
		C930237E1F3E928400CCA08B /* ColorHandler.swift in Sources */ = {isa = PBXBuildFile; fileRef = C930237D1F3E928400CCA08B /* ColorHandler.swift */; };
		C93023801F3E99C200CCA08B /* CubeBackend.swift in Sources */ = {isa = PBXBuildFile; fileRef = C930237F1F3E99C200CCA08B /* CubeBackend.swift */; };
		C9F95FD81F31279E002EE86A /* Cubie.swift in Sources */ = {isa = PBXBuildFile; fileRef = C9F95FD71F31279E002EE86A /* Cubie.swift */; };
		C9F95FDD1F31293D002EE86A /* RotationGroup.swift in Sources */ = {isa = PBXBuildFile; fileRef = C9F95FDC1F31293D002EE86A /* RotationGroup.swift */; };
		C9F95FDF1F312A1E002EE86A /* Angle.swift in Sources */ = {isa = PBXBuildFile; fileRef = C9F95FDE1F312A1E002EE86A /* Angle.swift */; };
		C9F95FE11F312BDB002EE86A /* CustomCube.swift in Sources */ = {isa = PBXBuildFile; fileRef = C9F95FE01F312BDB002EE86A /* CustomCube.swift */; };
		C9F95FE31F312C91002EE86A /* Face.swift in Sources */ = {isa = PBXBuildFile; fileRef = C9F95FE21F312C91002EE86A /* Face.swift */; };
		C9FB736C1F1A7220001A360D /* AppDelegate.swift in Sources */ = {isa = PBXBuildFile; fileRef = C9FB736B1F1A7220001A360D /* AppDelegate.swift */; };
		C9FB736E1F1A7220001A360D /* art.scnassets in Resources */ = {isa = PBXBuildFile; fileRef = C9FB736D1F1A7220001A360D /* art.scnassets */; };
		C9FB73701F1A7220001A360D /* GameViewController.swift in Sources */ = {isa = PBXBuildFile; fileRef = C9FB736F1F1A7220001A360D /* GameViewController.swift */; };
		C9FB73731F1A7220001A360D /* Main.storyboard in Resources */ = {isa = PBXBuildFile; fileRef = C9FB73711F1A7220001A360D /* Main.storyboard */; };
		C9FB73751F1A7220001A360D /* Assets.xcassets in Resources */ = {isa = PBXBuildFile; fileRef = C9FB73741F1A7220001A360D /* Assets.xcassets */; };
		C9FB73781F1A7220001A360D /* LaunchScreen.storyboard in Resources */ = {isa = PBXBuildFile; fileRef = C9FB73761F1A7220001A360D /* LaunchScreen.storyboard */; };
/* End PBXBuildFile section */

/* Begin PBXFileReference section */
		C90B506C1F32BBFB00E6F96E /* Panel.swift */ = {isa = PBXFileReference; fileEncoding = 4; lastKnownFileType = sourcecode.swift; path = Panel.swift; sourceTree = "<group>"; };
		C93023791F35239800CCA08B /* RubicksCube.swift */ = {isa = PBXFileReference; fileEncoding = 4; lastKnownFileType = sourcecode.swift; path = RubicksCube.swift; sourceTree = "<group>"; };
		C930237D1F3E928400CCA08B /* ColorHandler.swift */ = {isa = PBXFileReference; fileEncoding = 4; lastKnownFileType = sourcecode.swift; path = ColorHandler.swift; sourceTree = "<group>"; };
		C930237F1F3E99C200CCA08B /* CubeBackend.swift */ = {isa = PBXFileReference; fileEncoding = 4; lastKnownFileType = sourcecode.swift; path = CubeBackend.swift; sourceTree = "<group>"; };
		C9F95FD71F31279E002EE86A /* Cubie.swift */ = {isa = PBXFileReference; fileEncoding = 4; lastKnownFileType = sourcecode.swift; path = Cubie.swift; sourceTree = "<group>"; };
		C9F95FDC1F31293D002EE86A /* RotationGroup.swift */ = {isa = PBXFileReference; fileEncoding = 4; lastKnownFileType = sourcecode.swift; path = RotationGroup.swift; sourceTree = "<group>"; };
		C9F95FDE1F312A1E002EE86A /* Angle.swift */ = {isa = PBXFileReference; fileEncoding = 4; lastKnownFileType = sourcecode.swift; path = Angle.swift; sourceTree = "<group>"; };
		C9F95FE01F312BDB002EE86A /* CustomCube.swift */ = {isa = PBXFileReference; fileEncoding = 4; lastKnownFileType = sourcecode.swift; path = CustomCube.swift; sourceTree = "<group>"; };
		C9F95FE21F312C91002EE86A /* Face.swift */ = {isa = PBXFileReference; fileEncoding = 4; lastKnownFileType = sourcecode.swift; path = Face.swift; sourceTree = "<group>"; };
		C9FB73681F1A7220001A360D /* rCube0.app */ = {isa = PBXFileReference; explicitFileType = wrapper.application; includeInIndex = 0; path = rCube0.app; sourceTree = BUILT_PRODUCTS_DIR; };
		C9FB736B1F1A7220001A360D /* AppDelegate.swift */ = {isa = PBXFileReference; lastKnownFileType = sourcecode.swift; path = AppDelegate.swift; sourceTree = "<group>"; };
		C9FB736D1F1A7220001A360D /* art.scnassets */ = {isa = PBXFileReference; lastKnownFileType = wrapper.scnassets; path = art.scnassets; sourceTree = "<group>"; };
		C9FB736F1F1A7220001A360D /* GameViewController.swift */ = {isa = PBXFileReference; lastKnownFileType = sourcecode.swift; path = GameViewController.swift; sourceTree = "<group>"; };
		C9FB73721F1A7220001A360D /* Base */ = {isa = PBXFileReference; lastKnownFileType = file.storyboard; name = Base; path = Base.lproj/Main.storyboard; sourceTree = "<group>"; };
		C9FB73741F1A7220001A360D /* Assets.xcassets */ = {isa = PBXFileReference; lastKnownFileType = folder.assetcatalog; path = Assets.xcassets; sourceTree = "<group>"; };
		C9FB73771F1A7220001A360D /* Base */ = {isa = PBXFileReference; lastKnownFileType = file.storyboard; name = Base; path = Base.lproj/LaunchScreen.storyboard; sourceTree = "<group>"; };
		C9FB73791F1A7220001A360D /* Info.plist */ = {isa = PBXFileReference; lastKnownFileType = text.plist.xml; path = Info.plist; sourceTree = "<group>"; };
/* End PBXFileReference section */

/* Begin PBXFrameworksBuildPhase section */
		C9FB73651F1A7220001A360D /* Frameworks */ = {
			isa = PBXFrameworksBuildPhase;
			buildActionMask = 2147483647;
			files = (
			);
			runOnlyForDeploymentPostprocessing = 0;
		};
/* End PBXFrameworksBuildPhase section */

/* Begin PBXGroup section */
		C93023811F3E99E300CCA08B /* Cube Graphics Classes */ = {
			isa = PBXGroup;
			children = (
				C90B506C1F32BBFB00E6F96E /* Panel.swift */,
				C930237D1F3E928400CCA08B /* ColorHandler.swift */,
				C93023791F35239800CCA08B /* RubicksCube.swift */,
				C9F95FD71F31279E002EE86A /* Cubie.swift */,
				C9F95FDC1F31293D002EE86A /* RotationGroup.swift */,
				C9F95FE01F312BDB002EE86A /* CustomCube.swift */,
				C9F95FDE1F312A1E002EE86A /* Angle.swift */,
				C9F95FE21F312C91002EE86A /* Face.swift */,
			);
			name = "Cube Graphics Classes";
			sourceTree = "<group>";
		};
		C9FB735F1F1A7220001A360D = {
			isa = PBXGroup;
			children = (
				C9FB736A1F1A7220001A360D /* rCube0 */,
				C9FB73691F1A7220001A360D /* Products */,
			);
			sourceTree = "<group>";
		};
		C9FB73691F1A7220001A360D /* Products */ = {
			isa = PBXGroup;
			children = (
				C9FB73681F1A7220001A360D /* rCube0.app */,
			);
			name = Products;
			sourceTree = "<group>";
		};
		C9FB736A1F1A7220001A360D /* rCube0 */ = {
			isa = PBXGroup;
			children = (
				C9FB736B1F1A7220001A360D /* AppDelegate.swift */,
				C9FB736D1F1A7220001A360D /* art.scnassets */,
				C9FB73711F1A7220001A360D /* Main.storyboard */,
				C9FB73741F1A7220001A360D /* Assets.xcassets */,
				C9FB73761F1A7220001A360D /* LaunchScreen.storyboard */,
				C9FB73791F1A7220001A360D /* Info.plist */,
				C93023811F3E99E300CCA08B /* Cube Graphics Classes */,
				C9FB736F1F1A7220001A360D /* GameViewController.swift */,
				C930237F1F3E99C200CCA08B /* CubeBackend.swift */,
			);
			path = rCube0;
			sourceTree = "<group>";
		};
/* End PBXGroup section */

/* Begin PBXNativeTarget section */
		C9FB73671F1A7220001A360D /* rCube0 */ = {
			isa = PBXNativeTarget;
			buildConfigurationList = C9FB737C1F1A7220001A360D /* Build configuration list for PBXNativeTarget "rCube0" */;
			buildPhases = (
				C9FB73641F1A7220001A360D /* Sources */,
				C9FB73651F1A7220001A360D /* Frameworks */,
				C9FB73661F1A7220001A360D /* Resources */,
			);
			buildRules = (
			);
			dependencies = (
			);
			name = rCube0;
			productName = rCube0;
			productReference = C9FB73681F1A7220001A360D /* rCube0.app */;
			productType = "com.apple.product-type.application";
		};
/* End PBXNativeTarget section */

/* Begin PBXProject section */
		C9FB73601F1A7220001A360D /* Project object */ = {
			isa = PBXProject;
			attributes = {
				LastSwiftUpdateCheck = 0830;
				LastUpgradeCheck = 0830;
				ORGANIZATIONNAME = "Robert \"Skipper\" Gonzalez";
				TargetAttributes = {
					C9FB73671F1A7220001A360D = {
						CreatedOnToolsVersion = 8.3.3;
						ProvisioningStyle = Automatic;
					};
				};
			};
			buildConfigurationList = C9FB73631F1A7220001A360D /* Build configuration list for PBXProject "rCube0" */;
			compatibilityVersion = "Xcode 3.2";
			developmentRegion = English;
			hasScannedForEncodings = 0;
			knownRegions = (
				en,
				Base,
			);
			mainGroup = C9FB735F1F1A7220001A360D;
			productRefGroup = C9FB73691F1A7220001A360D /* Products */;
			projectDirPath = "";
			projectRoot = "";
			targets = (
				C9FB73671F1A7220001A360D /* rCube0 */,
			);
		};
/* End PBXProject section */

/* Begin PBXResourcesBuildPhase section */
		C9FB73661F1A7220001A360D /* Resources */ = {
			isa = PBXResourcesBuildPhase;
			buildActionMask = 2147483647;
			files = (
				C9FB736E1F1A7220001A360D /* art.scnassets in Resources */,
				C9FB73781F1A7220001A360D /* LaunchScreen.storyboard in Resources */,
				C9FB73751F1A7220001A360D /* Assets.xcassets in Resources */,
				C9FB73731F1A7220001A360D /* Main.storyboard in Resources */,
			);
			runOnlyForDeploymentPostprocessing = 0;
		};
/* End PBXResourcesBuildPhase section */

/* Begin PBXSourcesBuildPhase section */
		C9FB73641F1A7220001A360D /* Sources */ = {
			isa = PBXSourcesBuildPhase;
			buildActionMask = 2147483647;
			files = (
				C930237E1F3E928400CCA08B /* ColorHandler.swift in Sources */,
				C9F95FE11F312BDB002EE86A /* CustomCube.swift in Sources */,
				C9FB73701F1A7220001A360D /* GameViewController.swift in Sources */,
				C9F95FDF1F312A1E002EE86A /* Angle.swift in Sources */,
				C9F95FDD1F31293D002EE86A /* RotationGroup.swift in Sources */,
				C9F95FE31F312C91002EE86A /* Face.swift in Sources */,
				C930237A1F35239800CCA08B /* RubicksCube.swift in Sources */,
				C93023801F3E99C200CCA08B /* CubeBackend.swift in Sources */,
				C9F95FD81F31279E002EE86A /* Cubie.swift in Sources */,
				C90B506D1F32BBFB00E6F96E /* Panel.swift in Sources */,
				C9FB736C1F1A7220001A360D /* AppDelegate.swift in Sources */,
			);
			runOnlyForDeploymentPostprocessing = 0;
		};
/* End PBXSourcesBuildPhase section */

/* Begin PBXVariantGroup section */
		C9FB73711F1A7220001A360D /* Main.storyboard */ = {
			isa = PBXVariantGroup;
			children = (
				C9FB73721F1A7220001A360D /* Base */,
			);
			name = Main.storyboard;
			sourceTree = "<group>";
		};
		C9FB73761F1A7220001A360D /* LaunchScreen.storyboard */ = {
			isa = PBXVariantGroup;
			children = (
				C9FB73771F1A7220001A360D /* Base */,
			);
			name = LaunchScreen.storyboard;
			sourceTree = "<group>";
		};
/* End PBXVariantGroup section */

/* Begin XCBuildConfiguration section */
		C9FB737A1F1A7220001A360D /* Debug */ = {
			isa = XCBuildConfiguration;
			buildSettings = {
				ALWAYS_SEARCH_USER_PATHS = NO;
				CLANG_ANALYZER_NONNULL = YES;
				CLANG_ANALYZER_NUMBER_OBJECT_CONVERSION = YES_AGGRESSIVE;
				CLANG_CXX_LANGUAGE_STANDARD = "gnu++0x";
				CLANG_CXX_LIBRARY = "libc++";
				CLANG_ENABLE_MODULES = YES;
				CLANG_ENABLE_OBJC_ARC = YES;
				CLANG_WARN_BOOL_CONVERSION = YES;
				CLANG_WARN_CONSTANT_CONVERSION = YES;
				CLANG_WARN_DIRECT_OBJC_ISA_USAGE = YES_ERROR;
				CLANG_WARN_DOCUMENTATION_COMMENTS = YES;
				CLANG_WARN_EMPTY_BODY = YES;
				CLANG_WARN_ENUM_CONVERSION = YES;
				CLANG_WARN_INFINITE_RECURSION = YES;
				CLANG_WARN_INT_CONVERSION = YES;
				CLANG_WARN_OBJC_ROOT_CLASS = YES_ERROR;
				CLANG_WARN_SUSPICIOUS_MOVE = YES;
				CLANG_WARN_UNREACHABLE_CODE = YES;
				CLANG_WARN__DUPLICATE_METHOD_MATCH = YES;
				"CODE_SIGN_IDENTITY[sdk=iphoneos*]" = "iPhone Developer";
				COPY_PHASE_STRIP = NO;
				DEBUG_INFORMATION_FORMAT = dwarf;
				ENABLE_STRICT_OBJC_MSGSEND = YES;
				ENABLE_TESTABILITY = YES;
				GCC_C_LANGUAGE_STANDARD = gnu99;
				GCC_DYNAMIC_NO_PIC = NO;
				GCC_NO_COMMON_BLOCKS = YES;
				GCC_OPTIMIZATION_LEVEL = 0;
				GCC_PREPROCESSOR_DEFINITIONS = (
					"DEBUG=1",
					"$(inherited)",
				);
				GCC_WARN_64_TO_32_BIT_CONVERSION = YES;
				GCC_WARN_ABOUT_RETURN_TYPE = YES_ERROR;
				GCC_WARN_UNDECLARED_SELECTOR = YES;
				GCC_WARN_UNINITIALIZED_AUTOS = YES_AGGRESSIVE;
				GCC_WARN_UNUSED_FUNCTION = YES;
				GCC_WARN_UNUSED_VARIABLE = YES;
				IPHONEOS_DEPLOYMENT_TARGET = 10.3;
				MTL_ENABLE_DEBUG_INFO = YES;
				ONLY_ACTIVE_ARCH = YES;
				SDKROOT = iphoneos;
				SWIFT_ACTIVE_COMPILATION_CONDITIONS = DEBUG;
				SWIFT_OPTIMIZATION_LEVEL = "-Onone";
				TARGETED_DEVICE_FAMILY = "1,2";
			};
			name = Debug;
		};
		C9FB737B1F1A7220001A360D /* Release */ = {
			isa = XCBuildConfiguration;
			buildSettings = {
				ALWAYS_SEARCH_USER_PATHS = NO;
				CLANG_ANALYZER_NONNULL = YES;
				CLANG_ANALYZER_NUMBER_OBJECT_CONVERSION = YES_AGGRESSIVE;
				CLANG_CXX_LANGUAGE_STANDARD = "gnu++0x";
				CLANG_CXX_LIBRARY = "libc++";
				CLANG_ENABLE_MODULES = YES;
				CLANG_ENABLE_OBJC_ARC = YES;
				CLANG_WARN_BOOL_CONVERSION = YES;
				CLANG_WARN_CONSTANT_CONVERSION = YES;
				CLANG_WARN_DIRECT_OBJC_ISA_USAGE = YES_ERROR;
				CLANG_WARN_DOCUMENTATION_COMMENTS = YES;
				CLANG_WARN_EMPTY_BODY = YES;
				CLANG_WARN_ENUM_CONVERSION = YES;
				CLANG_WARN_INFINITE_RECURSION = YES;
				CLANG_WARN_INT_CONVERSION = YES;
				CLANG_WARN_OBJC_ROOT_CLASS = YES_ERROR;
				CLANG_WARN_SUSPICIOUS_MOVE = YES;
				CLANG_WARN_UNREACHABLE_CODE = YES;
				CLANG_WARN__DUPLICATE_METHOD_MATCH = YES;
				"CODE_SIGN_IDENTITY[sdk=iphoneos*]" = "iPhone Developer";
				COPY_PHASE_STRIP = NO;
				DEBUG_INFORMATION_FORMAT = "dwarf-with-dsym";
				ENABLE_NS_ASSERTIONS = NO;
				ENABLE_STRICT_OBJC_MSGSEND = YES;
				GCC_C_LANGUAGE_STANDARD = gnu99;
				GCC_NO_COMMON_BLOCKS = YES;
				GCC_WARN_64_TO_32_BIT_CONVERSION = YES;
				GCC_WARN_ABOUT_RETURN_TYPE = YES_ERROR;
				GCC_WARN_UNDECLARED_SELECTOR = YES;
				GCC_WARN_UNINITIALIZED_AUTOS = YES_AGGRESSIVE;
				GCC_WARN_UNUSED_FUNCTION = YES;
				GCC_WARN_UNUSED_VARIABLE = YES;
				IPHONEOS_DEPLOYMENT_TARGET = 10.3;
				MTL_ENABLE_DEBUG_INFO = NO;
				SDKROOT = iphoneos;
				SWIFT_OPTIMIZATION_LEVEL = "-Owholemodule";
				TARGETED_DEVICE_FAMILY = "1,2";
				VALIDATE_PRODUCT = YES;
			};
			name = Release;
		};
		C9FB737D1F1A7220001A360D /* Debug */ = {
			isa = XCBuildConfiguration;
			buildSettings = {
				ASSETCATALOG_COMPILER_APPICON_NAME = AppIcon;
				INFOPLIST_FILE = rCube0/Info.plist;
				LD_RUNPATH_SEARCH_PATHS = "$(inherited) @executable_path/Frameworks";
				PRODUCT_BUNDLE_IDENTIFIER = com.skipper.rCube0;
				PRODUCT_NAME = "$(TARGET_NAME)";
				SWIFT_VERSION = 3.0;
			};
			name = Debug;
		};
		C9FB737E1F1A7220001A360D /* Release */ = {
			isa = XCBuildConfiguration;
			buildSettings = {
				ASSETCATALOG_COMPILER_APPICON_NAME = AppIcon;
				INFOPLIST_FILE = rCube0/Info.plist;
				LD_RUNPATH_SEARCH_PATHS = "$(inherited) @executable_path/Frameworks";
				PRODUCT_BUNDLE_IDENTIFIER = com.skipper.rCube0;
				PRODUCT_NAME = "$(TARGET_NAME)";
				SWIFT_VERSION = 3.0;
			};
			name = Release;
		};
/* End XCBuildConfiguration section */

/* Begin XCConfigurationList section */
		C9FB73631F1A7220001A360D /* Build configuration list for PBXProject "rCube0" */ = {
			isa = XCConfigurationList;
			buildConfigurations = (
				C9FB737A1F1A7220001A360D /* Debug */,
				C9FB737B1F1A7220001A360D /* Release */,
			);
			defaultConfigurationIsVisible = 0;
			defaultConfigurationName = Release;
		};
		C9FB737C1F1A7220001A360D /* Build configuration list for PBXNativeTarget "rCube0" */ = {
			isa = XCConfigurationList;
			buildConfigurations = (
				C9FB737D1F1A7220001A360D /* Debug */,
				C9FB737E1F1A7220001A360D /* Release */,
			);
			defaultConfigurationIsVisible = 0;
			defaultConfigurationName = Release;
		};
/* End XCConfigurationList section */
	};
	rootObject = C9FB73601F1A7220001A360D /* Project object */;
}
